// !$*UTF8*$!
{
	archiveVersion = 1;
	classes = {
	};
	objectVersion = 56;
	objects = {

/* Begin PBXBuildFile section */
		7F30E36B2AAC9A590085F1A1 /* FriendFaceApp.swift in Sources */ = {isa = PBXBuildFile; fileRef = 7F30E36A2AAC9A590085F1A1 /* FriendFaceApp.swift */; };
		7F30E36D2AAC9A590085F1A1 /* ContentView.swift in Sources */ = {isa = PBXBuildFile; fileRef = 7F30E36C2AAC9A590085F1A1 /* ContentView.swift */; };
		7F30E36F2AAC9A5A0085F1A1 /* Assets.xcassets in Resources */ = {isa = PBXBuildFile; fileRef = 7F30E36E2AAC9A5A0085F1A1 /* Assets.xcassets */; };
		7F30E3722AAC9A5A0085F1A1 /* Preview Assets.xcassets in Resources */ = {isa = PBXBuildFile; fileRef = 7F30E3712AAC9A5A0085F1A1 /* Preview Assets.xcassets */; };
		7F30E3792AAC9AB20085F1A1 /* User.swift in Sources */ = {isa = PBXBuildFile; fileRef = 7F30E3782AAC9AB20085F1A1 /* User.swift */; };
		7F30E37B2AAC9B690085F1A1 /* Friend.swift in Sources */ = {isa = PBXBuildFile; fileRef = 7F30E37A2AAC9B690085F1A1 /* Friend.swift */; };
		7F30E37D2AACA1760085F1A1 /* UserDetailView.swift in Sources */ = {isa = PBXBuildFile; fileRef = 7F30E37C2AACA1760085F1A1 /* UserDetailView.swift */; };
		7F5C153F2AADED0600430396 /* FriendFace.xcdatamodeld in Sources */ = {isa = PBXBuildFile; fileRef = 7F5C153D2AADED0600430396 /* FriendFace.xcdatamodeld */; };
		7F5C15542AADF2FF00430396 /* CachedUser+CoreDataClass.swift in Sources */ = {isa = PBXBuildFile; fileRef = 7F5C15502AADF2FF00430396 /* CachedUser+CoreDataClass.swift */; };
		7F5C15552AADF2FF00430396 /* CachedUser+CoreDataProperties.swift in Sources */ = {isa = PBXBuildFile; fileRef = 7F5C15512AADF2FF00430396 /* CachedUser+CoreDataProperties.swift */; };
		7F5C15562AADF2FF00430396 /* CachedFriend+CoreDataClass.swift in Sources */ = {isa = PBXBuildFile; fileRef = 7F5C15522AADF2FF00430396 /* CachedFriend+CoreDataClass.swift */; };
		7F5C15572AADF2FF00430396 /* CachedFriend+CoreDataProperties.swift in Sources */ = {isa = PBXBuildFile; fileRef = 7F5C15532AADF2FF00430396 /* CachedFriend+CoreDataProperties.swift */; };
		7F5C15592AADF46800430396 /* DataController.swift in Sources */ = {isa = PBXBuildFile; fileRef = 7F5C15582AADF46800430396 /* DataController.swift */; };
/* End PBXBuildFile section */

/* Begin PBXFileReference section */
		7F30E3672AAC9A590085F1A1 /* FriendFace.app */ = {isa = PBXFileReference; explicitFileType = wrapper.application; includeInIndex = 0; path = FriendFace.app; sourceTree = BUILT_PRODUCTS_DIR; };
		7F30E36A2AAC9A590085F1A1 /* FriendFaceApp.swift */ = {isa = PBXFileReference; lastKnownFileType = sourcecode.swift; path = FriendFaceApp.swift; sourceTree = "<group>"; };
		7F30E36C2AAC9A590085F1A1 /* ContentView.swift */ = {isa = PBXFileReference; lastKnownFileType = sourcecode.swift; path = ContentView.swift; sourceTree = "<group>"; };
		7F30E36E2AAC9A5A0085F1A1 /* Assets.xcassets */ = {isa = PBXFileReference; lastKnownFileType = folder.assetcatalog; path = Assets.xcassets; sourceTree = "<group>"; };
		7F30E3712AAC9A5A0085F1A1 /* Preview Assets.xcassets */ = {isa = PBXFileReference; lastKnownFileType = folder.assetcatalog; path = "Preview Assets.xcassets"; sourceTree = "<group>"; };
		7F30E3782AAC9AB20085F1A1 /* User.swift */ = {isa = PBXFileReference; lastKnownFileType = sourcecode.swift; path = User.swift; sourceTree = "<group>"; };
		7F30E37A2AAC9B690085F1A1 /* Friend.swift */ = {isa = PBXFileReference; lastKnownFileType = sourcecode.swift; path = Friend.swift; sourceTree = "<group>"; };
		7F30E37C2AACA1760085F1A1 /* UserDetailView.swift */ = {isa = PBXFileReference; lastKnownFileType = sourcecode.swift; path = UserDetailView.swift; sourceTree = "<group>"; };
		7F5C153E2AADED0600430396 /* FriendFace.xcdatamodel */ = {isa = PBXFileReference; lastKnownFileType = wrapper.xcdatamodel; path = FriendFace.xcdatamodel; sourceTree = "<group>"; };
		7F5C15502AADF2FF00430396 /* CachedUser+CoreDataClass.swift */ = {isa = PBXFileReference; lastKnownFileType = sourcecode.swift; path = "CachedUser+CoreDataClass.swift"; sourceTree = "<group>"; };
		7F5C15512AADF2FF00430396 /* CachedUser+CoreDataProperties.swift */ = {isa = PBXFileReference; lastKnownFileType = sourcecode.swift; path = "CachedUser+CoreDataProperties.swift"; sourceTree = "<group>"; };
		7F5C15522AADF2FF00430396 /* CachedFriend+CoreDataClass.swift */ = {isa = PBXFileReference; lastKnownFileType = sourcecode.swift; path = "CachedFriend+CoreDataClass.swift"; sourceTree = "<group>"; };
		7F5C15532AADF2FF00430396 /* CachedFriend+CoreDataProperties.swift */ = {isa = PBXFileReference; lastKnownFileType = sourcecode.swift; path = "CachedFriend+CoreDataProperties.swift"; sourceTree = "<group>"; };
		7F5C15582AADF46800430396 /* DataController.swift */ = {isa = PBXFileReference; lastKnownFileType = sourcecode.swift; path = DataController.swift; sourceTree = "<group>"; };
/* End PBXFileReference section */

/* Begin PBXFrameworksBuildPhase section */
		7F30E3642AAC9A590085F1A1 /* Frameworks */ = {
			isa = PBXFrameworksBuildPhase;
			buildActionMask = 2147483647;
			files = (
			);
			runOnlyForDeploymentPostprocessing = 0;
		};
/* End PBXFrameworksBuildPhase section */

/* Begin PBXGroup section */
		7F30E35E2AAC9A590085F1A1 = {
			isa = PBXGroup;
			children = (
				7F5C15502AADF2FF00430396 /* CachedUser+CoreDataClass.swift */,
				7F5C15512AADF2FF00430396 /* CachedUser+CoreDataProperties.swift */,
				7F5C15522AADF2FF00430396 /* CachedFriend+CoreDataClass.swift */,
				7F5C15532AADF2FF00430396 /* CachedFriend+CoreDataProperties.swift */,
				7F30E3692AAC9A590085F1A1 /* FriendFace */,
				7F30E3682AAC9A590085F1A1 /* Products */,
			);
			sourceTree = "<group>";
		};
		7F30E3682AAC9A590085F1A1 /* Products */ = {
			isa = PBXGroup;
			children = (
				7F30E3672AAC9A590085F1A1 /* FriendFace.app */,
			);
			name = Products;
			sourceTree = "<group>";
		};
		7F30E3692AAC9A590085F1A1 /* FriendFace */ = {
			isa = PBXGroup;
			children = (
				7F5C15582AADF46800430396 /* DataController.swift */,
				7F30E36A2AAC9A590085F1A1 /* FriendFaceApp.swift */,
				7F30E36C2AAC9A590085F1A1 /* ContentView.swift */,
				7F30E37C2AACA1760085F1A1 /* UserDetailView.swift */,
				7F5C153D2AADED0600430396 /* FriendFace.xcdatamodeld */,
				7F30E3782AAC9AB20085F1A1 /* User.swift */,
				7F30E37A2AAC9B690085F1A1 /* Friend.swift */,
				7F30E36E2AAC9A5A0085F1A1 /* Assets.xcassets */,
				7F30E3702AAC9A5A0085F1A1 /* Preview Content */,
			);
			path = FriendFace;
			sourceTree = "<group>";
		};
		7F30E3702AAC9A5A0085F1A1 /* Preview Content */ = {
			isa = PBXGroup;
			children = (
				7F30E3712AAC9A5A0085F1A1 /* Preview Assets.xcassets */,
			);
			path = "Preview Content";
			sourceTree = "<group>";
		};
/* End PBXGroup section */

/* Begin PBXNativeTarget section */
		7F30E3662AAC9A590085F1A1 /* FriendFace */ = {
			isa = PBXNativeTarget;
			buildConfigurationList = 7F30E3752AAC9A5A0085F1A1 /* Build configuration list for PBXNativeTarget "FriendFace" */;
			buildPhases = (
				7F30E3632AAC9A590085F1A1 /* Sources */,
				7F30E3642AAC9A590085F1A1 /* Frameworks */,
				7F30E3652AAC9A590085F1A1 /* Resources */,
			);
			buildRules = (
			);
			dependencies = (
			);
			name = FriendFace;
			productName = FriendFace;
			productReference = 7F30E3672AAC9A590085F1A1 /* FriendFace.app */;
			productType = "com.apple.product-type.application";
		};
/* End PBXNativeTarget section */

/* Begin PBXProject section */
		7F30E35F2AAC9A590085F1A1 /* Project object */ = {
			isa = PBXProject;
			attributes = {
				BuildIndependentTargetsInParallel = 1;
				LastSwiftUpdateCheck = 1430;
				LastUpgradeCheck = 1430;
				TargetAttributes = {
					7F30E3662AAC9A590085F1A1 = {
						CreatedOnToolsVersion = 14.3.1;
					};
				};
			};
			buildConfigurationList = 7F30E3622AAC9A590085F1A1 /* Build configuration list for PBXProject "FriendFace" */;
			compatibilityVersion = "Xcode 14.0";
			developmentRegion = en;
			hasScannedForEncodings = 0;
			knownRegions = (
				en,
				Base,
			);
			mainGroup = 7F30E35E2AAC9A590085F1A1;
			productRefGroup = 7F30E3682AAC9A590085F1A1 /* Products */;
			projectDirPath = "";
			projectRoot = "";
			targets = (
				7F30E3662AAC9A590085F1A1 /* FriendFace */,
			);
		};
/* End PBXProject section */

/* Begin PBXResourcesBuildPhase section */
		7F30E3652AAC9A590085F1A1 /* Resources */ = {
			isa = PBXResourcesBuildPhase;
			buildActionMask = 2147483647;
			files = (
				7F30E3722AAC9A5A0085F1A1 /* Preview Assets.xcassets in Resources */,
				7F30E36F2AAC9A5A0085F1A1 /* Assets.xcassets in Resources */,
			);
			runOnlyForDeploymentPostprocessing = 0;
		};
/* End PBXResourcesBuildPhase section */

/* Begin PBXSourcesBuildPhase section */
		7F30E3632AAC9A590085F1A1 /* Sources */ = {
			isa = PBXSourcesBuildPhase;
			buildActionMask = 2147483647;
			files = (
				7F5C15562AADF2FF00430396 /* CachedFriend+CoreDataClass.swift in Sources */,
				7F5C15572AADF2FF00430396 /* CachedFriend+CoreDataProperties.swift in Sources */,
				7F5C15552AADF2FF00430396 /* CachedUser+CoreDataProperties.swift in Sources */,
				7F5C153F2AADED0600430396 /* FriendFace.xcdatamodeld in Sources */,
				7F30E36D2AAC9A590085F1A1 /* ContentView.swift in Sources */,
				7F5C15592AADF46800430396 /* DataController.swift in Sources */,
				7F30E36B2AAC9A590085F1A1 /* FriendFaceApp.swift in Sources */,
				7F30E3792AAC9AB20085F1A1 /* User.swift in Sources */,
				7F30E37D2AACA1760085F1A1 /* UserDetailView.swift in Sources */,
				7F5C15542AADF2FF00430396 /* CachedUser+CoreDataClass.swift in Sources */,
				7F30E37B2AAC9B690085F1A1 /* Friend.swift in Sources */,
			);
			runOnlyForDeploymentPostprocessing = 0;
		};
/* End PBXSourcesBuildPhase section */

/* Begin XCBuildConfiguration section */
		7F30E3732AAC9A5A0085F1A1 /* Debug */ = {
			isa = XCBuildConfiguration;
			buildSettings = {
				ALWAYS_SEARCH_USER_PATHS = NO;
				CLANG_ANALYZER_NONNULL = YES;
				CLANG_ANALYZER_NUMBER_OBJECT_CONVERSION = YES_AGGRESSIVE;
				CLANG_CXX_LANGUAGE_STANDARD = "gnu++20";
				CLANG_ENABLE_MODULES = YES;
				CLANG_ENABLE_OBJC_ARC = YES;
				CLANG_ENABLE_OBJC_WEAK = YES;
				CLANG_WARN_BLOCK_CAPTURE_AUTORELEASING = YES;
				CLANG_WARN_BOOL_CONVERSION = YES;
				CLANG_WARN_COMMA = YES;
				CLANG_WARN_CONSTANT_CONVERSION = YES;
				CLANG_WARN_DEPRECATED_OBJC_IMPLEMENTATIONS = YES;
				CLANG_WARN_DIRECT_OBJC_ISA_USAGE = YES_ERROR;
				CLANG_WARN_DOCUMENTATION_COMMENTS = YES;
				CLANG_WARN_EMPTY_BODY = YES;
				CLANG_WARN_ENUM_CONVERSION = YES;
				CLANG_WARN_INFINITE_RECURSION = YES;
				CLANG_WARN_INT_CONVERSION = YES;
				CLANG_WARN_NON_LITERAL_NULL_CONVERSION = YES;
				CLANG_WARN_OBJC_IMPLICIT_RETAIN_SELF = YES;
				CLANG_WARN_OBJC_LITERAL_CONVERSION = YES;
				CLANG_WARN_OBJC_ROOT_CLASS = YES_ERROR;
				CLANG_WARN_QUOTED_INCLUDE_IN_FRAMEWORK_HEADER = YES;
				CLANG_WARN_RANGE_LOOP_ANALYSIS = YES;
				CLANG_WARN_STRICT_PROTOTYPES = YES;
				CLANG_WARN_SUSPICIOUS_MOVE = YES;
				CLANG_WARN_UNGUARDED_AVAILABILITY = YES_AGGRESSIVE;
				CLANG_WARN_UNREACHABLE_CODE = YES;
				CLANG_WARN__DUPLICATE_METHOD_MATCH = YES;
				COPY_PHASE_STRIP = NO;
				DEBUG_INFORMATION_FORMAT = dwarf;
				ENABLE_STRICT_OBJC_MSGSEND = YES;
				ENABLE_TESTABILITY = YES;
				GCC_C_LANGUAGE_STANDARD = gnu11;
				GCC_DYNAMIC_NO_PIC = NO;
				GCC_NO_COMMON_BLOCKS = YES;
				GCC_OPTIMIZATION_LEVEL = 0;
				GCC_PREPROCESSOR_DEFINITIONS = (
					"DEBUG=1",
					"$(inherited)",
				);
				GCC_WARN_64_TO_32_BIT_CONVERSION = YES;
				GCC_WARN_ABOUT_RETURN_TYPE = YES_ERROR;
				GCC_WARN_UNDECLARED_SELECTOR = YES;
				GCC_WARN_UNINITIALIZED_AUTOS = YES_AGGRESSIVE;
				GCC_WARN_UNUSED_FUNCTION = YES;
				GCC_WARN_UNUSED_VARIABLE = YES;
				IPHONEOS_DEPLOYMENT_TARGET = 16.4;
				MTL_ENABLE_DEBUG_INFO = INCLUDE_SOURCE;
				MTL_FAST_MATH = YES;
				ONLY_ACTIVE_ARCH = YES;
				SDKROOT = iphoneos;
				SWIFT_ACTIVE_COMPILATION_CONDITIONS = DEBUG;
				SWIFT_OPTIMIZATION_LEVEL = "-Onone";
			};
			name = Debug;
		};
		7F30E3742AAC9A5A0085F1A1 /* Release */ = {
			isa = XCBuildConfiguration;
			buildSettings = {
				ALWAYS_SEARCH_USER_PATHS = NO;
				CLANG_ANALYZER_NONNULL = YES;
				CLANG_ANALYZER_NUMBER_OBJECT_CONVERSION = YES_AGGRESSIVE;
				CLANG_CXX_LANGUAGE_STANDARD = "gnu++20";
				CLANG_ENABLE_MODULES = YES;
				CLANG_ENABLE_OBJC_ARC = YES;
				CLANG_ENABLE_OBJC_WEAK = YES;
				CLANG_WARN_BLOCK_CAPTURE_AUTORELEASING = YES;
				CLANG_WARN_BOOL_CONVERSION = YES;
				CLANG_WARN_COMMA = YES;
				CLANG_WARN_CONSTANT_CONVERSION = YES;
				CLANG_WARN_DEPRECATED_OBJC_IMPLEMENTATIONS = YES;
				CLANG_WARN_DIRECT_OBJC_ISA_USAGE = YES_ERROR;
				CLANG_WARN_DOCUMENTATION_COMMENTS = YES;
				CLANG_WARN_EMPTY_BODY = YES;
				CLANG_WARN_ENUM_CONVERSION = YES;
				CLANG_WARN_INFINITE_RECURSION = YES;
				CLANG_WARN_INT_CONVERSION = YES;
				CLANG_WARN_NON_LITERAL_NULL_CONVERSION = YES;
				CLANG_WARN_OBJC_IMPLICIT_RETAIN_SELF = YES;
				CLANG_WARN_OBJC_LITERAL_CONVERSION = YES;
				CLANG_WARN_OBJC_ROOT_CLASS = YES_ERROR;
				CLANG_WARN_QUOTED_INCLUDE_IN_FRAMEWORK_HEADER = YES;
				CLANG_WARN_RANGE_LOOP_ANALYSIS = YES;
				CLANG_WARN_STRICT_PROTOTYPES = YES;
				CLANG_WARN_SUSPICIOUS_MOVE = YES;
				CLANG_WARN_UNGUARDED_AVAILABILITY = YES_AGGRESSIVE;
				CLANG_WARN_UNREACHABLE_CODE = YES;
				CLANG_WARN__DUPLICATE_METHOD_MATCH = YES;
				COPY_PHASE_STRIP = NO;
				DEBUG_INFORMATION_FORMAT = "dwarf-with-dsym";
				ENABLE_NS_ASSERTIONS = NO;
				ENABLE_STRICT_OBJC_MSGSEND = YES;
				GCC_C_LANGUAGE_STANDARD = gnu11;
				GCC_NO_COMMON_BLOCKS = YES;
				GCC_WARN_64_TO_32_BIT_CONVERSION = YES;
				GCC_WARN_ABOUT_RETURN_TYPE = YES_ERROR;
				GCC_WARN_UNDECLARED_SELECTOR = YES;
				GCC_WARN_UNINITIALIZED_AUTOS = YES_AGGRESSIVE;
				GCC_WARN_UNUSED_FUNCTION = YES;
				GCC_WARN_UNUSED_VARIABLE = YES;
				IPHONEOS_DEPLOYMENT_TARGET = 16.4;
				MTL_ENABLE_DEBUG_INFO = NO;
				MTL_FAST_MATH = YES;
				SDKROOT = iphoneos;
				SWIFT_COMPILATION_MODE = wholemodule;
				SWIFT_OPTIMIZATION_LEVEL = "-O";
				VALIDATE_PRODUCT = YES;
			};
			name = Release;
		};
		7F30E3762AAC9A5A0085F1A1 /* Debug */ = {
			isa = XCBuildConfiguration;
			buildSettings = {
				ASSETCATALOG_COMPILER_APPICON_NAME = AppIcon;
				ASSETCATALOG_COMPILER_GLOBAL_ACCENT_COLOR_NAME = AccentColor;
				CODE_SIGN_STYLE = Automatic;
				CURRENT_PROJECT_VERSION = 1;
				DEVELOPMENT_ASSET_PATHS = "\"FriendFace/Preview Content\"";
				ENABLE_PREVIEWS = YES;
				GENERATE_INFOPLIST_FILE = YES;
				INFOPLIST_KEY_UIApplicationSceneManifest_Generation = YES;
				INFOPLIST_KEY_UIApplicationSupportsIndirectInputEvents = YES;
				INFOPLIST_KEY_UILaunchScreen_Generation = YES;
				INFOPLIST_KEY_UISupportedInterfaceOrientations_iPad = "UIInterfaceOrientationPortrait UIInterfaceOrientationPortraitUpsideDown UIInterfaceOrientationLandscapeLeft UIInterfaceOrientationLandscapeRight";
				INFOPLIST_KEY_UISupportedInterfaceOrientations_iPhone = "UIInterfaceOrientationPortrait UIInterfaceOrientationLandscapeLeft UIInterfaceOrientationLandscapeRight";
				LD_RUNPATH_SEARCH_PATHS = (
					"$(inherited)",
					"@executable_path/Frameworks",
				);
				MARKETING_VERSION = 1.0;
				PRODUCT_BUNDLE_IDENTIFIER = com.jared.pateman.FriendFace;
				PRODUCT_NAME = "$(TARGET_NAME)";
				SWIFT_EMIT_LOC_STRINGS = YES;
				SWIFT_VERSION = 5.0;
				TARGETED_DEVICE_FAMILY = "1,2";
			};
			name = Debug;
		};
		7F30E3772AAC9A5A0085F1A1 /* Release */ = {
			isa = XCBuildConfiguration;
			buildSettings = {
				ASSETCATALOG_COMPILER_APPICON_NAME = AppIcon;
				ASSETCATALOG_COMPILER_GLOBAL_ACCENT_COLOR_NAME = AccentColor;
				CODE_SIGN_STYLE = Automatic;
				CURRENT_PROJECT_VERSION = 1;
				DEVELOPMENT_ASSET_PATHS = "\"FriendFace/Preview Content\"";
				ENABLE_PREVIEWS = YES;
				GENERATE_INFOPLIST_FILE = YES;
				INFOPLIST_KEY_UIApplicationSceneManifest_Generation = YES;
				INFOPLIST_KEY_UIApplicationSupportsIndirectInputEvents = YES;
				INFOPLIST_KEY_UILaunchScreen_Generation = YES;
				INFOPLIST_KEY_UISupportedInterfaceOrientations_iPad = "UIInterfaceOrientationPortrait UIInterfaceOrientationPortraitUpsideDown UIInterfaceOrientationLandscapeLeft UIInterfaceOrientationLandscapeRight";
				INFOPLIST_KEY_UISupportedInterfaceOrientations_iPhone = "UIInterfaceOrientationPortrait UIInterfaceOrientationLandscapeLeft UIInterfaceOrientationLandscapeRight";
				LD_RUNPATH_SEARCH_PATHS = (
					"$(inherited)",
					"@executable_path/Frameworks",
				);
				MARKETING_VERSION = 1.0;
				PRODUCT_BUNDLE_IDENTIFIER = com.jared.pateman.FriendFace;
				PRODUCT_NAME = "$(TARGET_NAME)";
				SWIFT_EMIT_LOC_STRINGS = YES;
				SWIFT_VERSION = 5.0;
				TARGETED_DEVICE_FAMILY = "1,2";
			};
			name = Release;
		};
/* End XCBuildConfiguration section */

/* Begin XCConfigurationList section */
		7F30E3622AAC9A590085F1A1 /* Build configuration list for PBXProject "FriendFace" */ = {
			isa = XCConfigurationList;
			buildConfigurations = (
				7F30E3732AAC9A5A0085F1A1 /* Debug */,
				7F30E3742AAC9A5A0085F1A1 /* Release */,
			);
			defaultConfigurationIsVisible = 0;
			defaultConfigurationName = Release;
		};
		7F30E3752AAC9A5A0085F1A1 /* Build configuration list for PBXNativeTarget "FriendFace" */ = {
			isa = XCConfigurationList;
			buildConfigurations = (
				7F30E3762AAC9A5A0085F1A1 /* Debug */,
				7F30E3772AAC9A5A0085F1A1 /* Release */,
			);
			defaultConfigurationIsVisible = 0;
			defaultConfigurationName = Release;
		};
/* End XCConfigurationList section */

/* Begin XCVersionGroup section */
		7F5C153D2AADED0600430396 /* FriendFace.xcdatamodeld */ = {
			isa = XCVersionGroup;
			children = (
				7F5C153E2AADED0600430396 /* FriendFace.xcdatamodel */,
			);
			currentVersion = 7F5C153E2AADED0600430396 /* FriendFace.xcdatamodel */;
			path = FriendFace.xcdatamodeld;
			sourceTree = "<group>";
			versionGroupType = wrapper.xcdatamodel;
		};
/* End XCVersionGroup section */
	};
	rootObject = 7F30E35F2AAC9A590085F1A1 /* Project object */;
}
