// !$*UTF8*$!
{
	archiveVersion = 1;
	classes = {
	};
	objectVersion = 56;
	objects = {

/* Begin PBXBuildFile section */
		7F56A3B22AE5642F00E1EDDF /* Facility.swift in Sources */ = {isa = PBXBuildFile; fileRef = 7F56A3B12AE5642F00E1EDDF /* Facility.swift */; };
		7F56A3B42AE5680500E1EDDF /* Favorites.swift in Sources */ = {isa = PBXBuildFile; fileRef = 7F56A3B32AE5680500E1EDDF /* Favorites.swift */; };
		7F66B1AD2AE6B158001F9071 /* FileManager-DocumentsDirectory.swift in Sources */ = {isa = PBXBuildFile; fileRef = 7F66B1AC2AE6B158001F9071 /* FileManager-DocumentsDirectory.swift */; };
		7F85F60C2AE3B2FA00740C9E /* SnowSeekerApp.swift in Sources */ = {isa = PBXBuildFile; fileRef = 7F85F60B2AE3B2FA00740C9E /* SnowSeekerApp.swift */; };
		7F85F60E2AE3B2FA00740C9E /* ContentView.swift in Sources */ = {isa = PBXBuildFile; fileRef = 7F85F60D2AE3B2FA00740C9E /* ContentView.swift */; };
		7F85F6102AE3B2FB00740C9E /* Assets.xcassets in Resources */ = {isa = PBXBuildFile; fileRef = 7F85F60F2AE3B2FB00740C9E /* Assets.xcassets */; };
		7F85F6132AE3B2FB00740C9E /* Preview Assets.xcassets in Resources */ = {isa = PBXBuildFile; fileRef = 7F85F6122AE3B2FB00740C9E /* Preview Assets.xcassets */; };
		7F85F61A2AE3B34A00740C9E /* resorts.json in Resources */ = {isa = PBXBuildFile; fileRef = 7F85F6192AE3B34900740C9E /* resorts.json */; };
		7F85F61C2AE3B4E900740C9E /* Resort.swift in Sources */ = {isa = PBXBuildFile; fileRef = 7F85F61B2AE3B4E900740C9E /* Resort.swift */; };
		7F85F61E2AE3B56E00740C9E /* Bundle-Decodable.swift in Sources */ = {isa = PBXBuildFile; fileRef = 7F85F61D2AE3B56E00740C9E /* Bundle-Decodable.swift */; };
		7F85F6202AE3BEF800740C9E /* WelcomeView.swift in Sources */ = {isa = PBXBuildFile; fileRef = 7F85F61F2AE3BEF800740C9E /* WelcomeView.swift */; };
		7F85F6222AE3C04800740C9E /* ResortView.swift in Sources */ = {isa = PBXBuildFile; fileRef = 7F85F6212AE3C04800740C9E /* ResortView.swift */; };
		7F85F6242AE3C0BE00740C9E /* SkiDetailsView.swift in Sources */ = {isa = PBXBuildFile; fileRef = 7F85F6232AE3C0BE00740C9E /* SkiDetailsView.swift */; };
		7F85F6262AE3C12400740C9E /* ResortDetailsView.swift in Sources */ = {isa = PBXBuildFile; fileRef = 7F85F6252AE3C12400740C9E /* ResortDetailsView.swift */; };
/* End PBXBuildFile section */

/* Begin PBXFileReference section */
		7F56A3B12AE5642F00E1EDDF /* Facility.swift */ = {isa = PBXFileReference; lastKnownFileType = sourcecode.swift; path = Facility.swift; sourceTree = "<group>"; };
		7F56A3B32AE5680500E1EDDF /* Favorites.swift */ = {isa = PBXFileReference; lastKnownFileType = sourcecode.swift; path = Favorites.swift; sourceTree = "<group>"; };
		7F66B1AC2AE6B158001F9071 /* FileManager-DocumentsDirectory.swift */ = {isa = PBXFileReference; lastKnownFileType = sourcecode.swift; path = "FileManager-DocumentsDirectory.swift"; sourceTree = "<group>"; };
		7F85F6082AE3B2FA00740C9E /* SnowSeeker.app */ = {isa = PBXFileReference; explicitFileType = wrapper.application; includeInIndex = 0; path = SnowSeeker.app; sourceTree = BUILT_PRODUCTS_DIR; };
		7F85F60B2AE3B2FA00740C9E /* SnowSeekerApp.swift */ = {isa = PBXFileReference; lastKnownFileType = sourcecode.swift; path = SnowSeekerApp.swift; sourceTree = "<group>"; };
		7F85F60D2AE3B2FA00740C9E /* ContentView.swift */ = {isa = PBXFileReference; lastKnownFileType = sourcecode.swift; path = ContentView.swift; sourceTree = "<group>"; };
		7F85F60F2AE3B2FB00740C9E /* Assets.xcassets */ = {isa = PBXFileReference; lastKnownFileType = folder.assetcatalog; path = Assets.xcassets; sourceTree = "<group>"; };
		7F85F6122AE3B2FB00740C9E /* Preview Assets.xcassets */ = {isa = PBXFileReference; lastKnownFileType = folder.assetcatalog; path = "Preview Assets.xcassets"; sourceTree = "<group>"; };
		7F85F6192AE3B34900740C9E /* resorts.json */ = {isa = PBXFileReference; fileEncoding = 4; lastKnownFileType = text.json; path = resorts.json; sourceTree = "<group>"; };
		7F85F61B2AE3B4E900740C9E /* Resort.swift */ = {isa = PBXFileReference; lastKnownFileType = sourcecode.swift; path = Resort.swift; sourceTree = "<group>"; };
		7F85F61D2AE3B56E00740C9E /* Bundle-Decodable.swift */ = {isa = PBXFileReference; lastKnownFileType = sourcecode.swift; path = "Bundle-Decodable.swift"; sourceTree = "<group>"; };
		7F85F61F2AE3BEF800740C9E /* WelcomeView.swift */ = {isa = PBXFileReference; lastKnownFileType = sourcecode.swift; path = WelcomeView.swift; sourceTree = "<group>"; };
		7F85F6212AE3C04800740C9E /* ResortView.swift */ = {isa = PBXFileReference; lastKnownFileType = sourcecode.swift; path = ResortView.swift; sourceTree = "<group>"; };
		7F85F6232AE3C0BE00740C9E /* SkiDetailsView.swift */ = {isa = PBXFileReference; lastKnownFileType = sourcecode.swift; path = SkiDetailsView.swift; sourceTree = "<group>"; };
		7F85F6252AE3C12400740C9E /* ResortDetailsView.swift */ = {isa = PBXFileReference; lastKnownFileType = sourcecode.swift; path = ResortDetailsView.swift; sourceTree = "<group>"; };
/* End PBXFileReference section */

/* Begin PBXFrameworksBuildPhase section */
		7F85F6052AE3B2FA00740C9E /* Frameworks */ = {
			isa = PBXFrameworksBuildPhase;
			buildActionMask = 2147483647;
			files = (
			);
			runOnlyForDeploymentPostprocessing = 0;
		};
/* End PBXFrameworksBuildPhase section */

/* Begin PBXGroup section */
		7F85F5FF2AE3B2FA00740C9E = {
			isa = PBXGroup;
			children = (
				7F85F60A2AE3B2FA00740C9E /* SnowSeeker */,
				7F85F6092AE3B2FA00740C9E /* Products */,
			);
			sourceTree = "<group>";
		};
		7F85F6092AE3B2FA00740C9E /* Products */ = {
			isa = PBXGroup;
			children = (
				7F85F6082AE3B2FA00740C9E /* SnowSeeker.app */,
			);
			name = Products;
			sourceTree = "<group>";
		};
		7F85F60A2AE3B2FA00740C9E /* SnowSeeker */ = {
			isa = PBXGroup;
			children = (
				7F85F6192AE3B34900740C9E /* resorts.json */,
				7F85F60B2AE3B2FA00740C9E /* SnowSeekerApp.swift */,
				7F85F60D2AE3B2FA00740C9E /* ContentView.swift */,
				7F85F6232AE3C0BE00740C9E /* SkiDetailsView.swift */,
				7F56A3B12AE5642F00E1EDDF /* Facility.swift */,
				7F85F6252AE3C12400740C9E /* ResortDetailsView.swift */,
				7F56A3B32AE5680500E1EDDF /* Favorites.swift */,
				7F66B1AC2AE6B158001F9071 /* FileManager-DocumentsDirectory.swift */,
				7F85F6212AE3C04800740C9E /* ResortView.swift */,
				7F85F61F2AE3BEF800740C9E /* WelcomeView.swift */,
				7F85F61B2AE3B4E900740C9E /* Resort.swift */,
				7F85F61D2AE3B56E00740C9E /* Bundle-Decodable.swift */,
				7F85F60F2AE3B2FB00740C9E /* Assets.xcassets */,
				7F85F6112AE3B2FB00740C9E /* Preview Content */,
			);
			path = SnowSeeker;
			sourceTree = "<group>";
		};
		7F85F6112AE3B2FB00740C9E /* Preview Content */ = {
			isa = PBXGroup;
			children = (
				7F85F6122AE3B2FB00740C9E /* Preview Assets.xcassets */,
			);
			path = "Preview Content";
			sourceTree = "<group>";
		};
/* End PBXGroup section */

/* Begin PBXNativeTarget section */
		7F85F6072AE3B2FA00740C9E /* SnowSeeker */ = {
			isa = PBXNativeTarget;
			buildConfigurationList = 7F85F6162AE3B2FB00740C9E /* Build configuration list for PBXNativeTarget "SnowSeeker" */;
			buildPhases = (
				7F85F6042AE3B2FA00740C9E /* Sources */,
				7F85F6052AE3B2FA00740C9E /* Frameworks */,
				7F85F6062AE3B2FA00740C9E /* Resources */,
			);
			buildRules = (
			);
			dependencies = (
			);
			name = SnowSeeker;
			productName = SnowSeeker;
			productReference = 7F85F6082AE3B2FA00740C9E /* SnowSeeker.app */;
			productType = "com.apple.product-type.application";
		};
/* End PBXNativeTarget section */

/* Begin PBXProject section */
		7F85F6002AE3B2FA00740C9E /* Project object */ = {
			isa = PBXProject;
			attributes = {
				BuildIndependentTargetsInParallel = 1;
				LastSwiftUpdateCheck = 1500;
				LastUpgradeCheck = 1500;
				TargetAttributes = {
					7F85F6072AE3B2FA00740C9E = {
						CreatedOnToolsVersion = 15.0.1;
					};
				};
			};
			buildConfigurationList = 7F85F6032AE3B2FA00740C9E /* Build configuration list for PBXProject "SnowSeeker" */;
			compatibilityVersion = "Xcode 14.0";
			developmentRegion = en;
			hasScannedForEncodings = 0;
			knownRegions = (
				en,
				Base,
			);
			mainGroup = 7F85F5FF2AE3B2FA00740C9E;
			productRefGroup = 7F85F6092AE3B2FA00740C9E /* Products */;
			projectDirPath = "";
			projectRoot = "";
			targets = (
				7F85F6072AE3B2FA00740C9E /* SnowSeeker */,
			);
		};
/* End PBXProject section */

/* Begin PBXResourcesBuildPhase section */
		7F85F6062AE3B2FA00740C9E /* Resources */ = {
			isa = PBXResourcesBuildPhase;
			buildActionMask = 2147483647;
			files = (
				7F85F61A2AE3B34A00740C9E /* resorts.json in Resources */,
				7F85F6132AE3B2FB00740C9E /* Preview Assets.xcassets in Resources */,
				7F85F6102AE3B2FB00740C9E /* Assets.xcassets in Resources */,
			);
			runOnlyForDeploymentPostprocessing = 0;
		};
/* End PBXResourcesBuildPhase section */

/* Begin PBXSourcesBuildPhase section */
		7F85F6042AE3B2FA00740C9E /* Sources */ = {
			isa = PBXSourcesBuildPhase;
			buildActionMask = 2147483647;
			files = (
				7F85F6202AE3BEF800740C9E /* WelcomeView.swift in Sources */,
				7F66B1AD2AE6B158001F9071 /* FileManager-DocumentsDirectory.swift in Sources */,
				7F85F6242AE3C0BE00740C9E /* SkiDetailsView.swift in Sources */,
				7F85F6262AE3C12400740C9E /* ResortDetailsView.swift in Sources */,
				7F56A3B42AE5680500E1EDDF /* Favorites.swift in Sources */,
				7F56A3B22AE5642F00E1EDDF /* Facility.swift in Sources */,
				7F85F60E2AE3B2FA00740C9E /* ContentView.swift in Sources */,
				7F85F61C2AE3B4E900740C9E /* Resort.swift in Sources */,
				7F85F6222AE3C04800740C9E /* ResortView.swift in Sources */,
				7F85F60C2AE3B2FA00740C9E /* SnowSeekerApp.swift in Sources */,
				7F85F61E2AE3B56E00740C9E /* Bundle-Decodable.swift in Sources */,
			);
			runOnlyForDeploymentPostprocessing = 0;
		};
/* End PBXSourcesBuildPhase section */

/* Begin XCBuildConfiguration section */
		7F85F6142AE3B2FB00740C9E /* Debug */ = {
			isa = XCBuildConfiguration;
			buildSettings = {
				ALWAYS_SEARCH_USER_PATHS = NO;
				ASSETCATALOG_COMPILER_GENERATE_SWIFT_ASSET_SYMBOL_EXTENSIONS = YES;
				CLANG_ANALYZER_NONNULL = YES;
				CLANG_ANALYZER_NUMBER_OBJECT_CONVERSION = YES_AGGRESSIVE;
				CLANG_CXX_LANGUAGE_STANDARD = "gnu++20";
				CLANG_ENABLE_MODULES = YES;
				CLANG_ENABLE_OBJC_ARC = YES;
				CLANG_ENABLE_OBJC_WEAK = YES;
				CLANG_WARN_BLOCK_CAPTURE_AUTORELEASING = YES;
				CLANG_WARN_BOOL_CONVERSION = YES;
				CLANG_WARN_COMMA = YES;
				CLANG_WARN_CONSTANT_CONVERSION = YES;
				CLANG_WARN_DEPRECATED_OBJC_IMPLEMENTATIONS = YES;
				CLANG_WARN_DIRECT_OBJC_ISA_USAGE = YES_ERROR;
				CLANG_WARN_DOCUMENTATION_COMMENTS = YES;
				CLANG_WARN_EMPTY_BODY = YES;
				CLANG_WARN_ENUM_CONVERSION = YES;
				CLANG_WARN_INFINITE_RECURSION = YES;
				CLANG_WARN_INT_CONVERSION = YES;
				CLANG_WARN_NON_LITERAL_NULL_CONVERSION = YES;
				CLANG_WARN_OBJC_IMPLICIT_RETAIN_SELF = YES;
				CLANG_WARN_OBJC_LITERAL_CONVERSION = YES;
				CLANG_WARN_OBJC_ROOT_CLASS = YES_ERROR;
				CLANG_WARN_QUOTED_INCLUDE_IN_FRAMEWORK_HEADER = YES;
				CLANG_WARN_RANGE_LOOP_ANALYSIS = YES;
				CLANG_WARN_STRICT_PROTOTYPES = YES;
				CLANG_WARN_SUSPICIOUS_MOVE = YES;
				CLANG_WARN_UNGUARDED_AVAILABILITY = YES_AGGRESSIVE;
				CLANG_WARN_UNREACHABLE_CODE = YES;
				CLANG_WARN__DUPLICATE_METHOD_MATCH = YES;
				COPY_PHASE_STRIP = NO;
				DEBUG_INFORMATION_FORMAT = dwarf;
				ENABLE_STRICT_OBJC_MSGSEND = YES;
				ENABLE_TESTABILITY = YES;
				ENABLE_USER_SCRIPT_SANDBOXING = YES;
				GCC_C_LANGUAGE_STANDARD = gnu17;
				GCC_DYNAMIC_NO_PIC = NO;
				GCC_NO_COMMON_BLOCKS = YES;
				GCC_OPTIMIZATION_LEVEL = 0;
				GCC_PREPROCESSOR_DEFINITIONS = (
					"DEBUG=1",
					"$(inherited)",
				);
				GCC_WARN_64_TO_32_BIT_CONVERSION = YES;
				GCC_WARN_ABOUT_RETURN_TYPE = YES_ERROR;
				GCC_WARN_UNDECLARED_SELECTOR = YES;
				GCC_WARN_UNINITIALIZED_AUTOS = YES_AGGRESSIVE;
				GCC_WARN_UNUSED_FUNCTION = YES;
				GCC_WARN_UNUSED_VARIABLE = YES;
				IPHONEOS_DEPLOYMENT_TARGET = 17.0;
				LOCALIZATION_PREFERS_STRING_CATALOGS = YES;
				MTL_ENABLE_DEBUG_INFO = INCLUDE_SOURCE;
				MTL_FAST_MATH = YES;
				ONLY_ACTIVE_ARCH = YES;
				SDKROOT = iphoneos;
				SWIFT_ACTIVE_COMPILATION_CONDITIONS = "DEBUG $(inherited)";
				SWIFT_OPTIMIZATION_LEVEL = "-Onone";
			};
			name = Debug;
		};
		7F85F6152AE3B2FB00740C9E /* Release */ = {
			isa = XCBuildConfiguration;
			buildSettings = {
				ALWAYS_SEARCH_USER_PATHS = NO;
				ASSETCATALOG_COMPILER_GENERATE_SWIFT_ASSET_SYMBOL_EXTENSIONS = YES;
				CLANG_ANALYZER_NONNULL = YES;
				CLANG_ANALYZER_NUMBER_OBJECT_CONVERSION = YES_AGGRESSIVE;
				CLANG_CXX_LANGUAGE_STANDARD = "gnu++20";
				CLANG_ENABLE_MODULES = YES;
				CLANG_ENABLE_OBJC_ARC = YES;
				CLANG_ENABLE_OBJC_WEAK = YES;
				CLANG_WARN_BLOCK_CAPTURE_AUTORELEASING = YES;
				CLANG_WARN_BOOL_CONVERSION = YES;
				CLANG_WARN_COMMA = YES;
				CLANG_WARN_CONSTANT_CONVERSION = YES;
				CLANG_WARN_DEPRECATED_OBJC_IMPLEMENTATIONS = YES;
				CLANG_WARN_DIRECT_OBJC_ISA_USAGE = YES_ERROR;
				CLANG_WARN_DOCUMENTATION_COMMENTS = YES;
				CLANG_WARN_EMPTY_BODY = YES;
				CLANG_WARN_ENUM_CONVERSION = YES;
				CLANG_WARN_INFINITE_RECURSION = YES;
				CLANG_WARN_INT_CONVERSION = YES;
				CLANG_WARN_NON_LITERAL_NULL_CONVERSION = YES;
				CLANG_WARN_OBJC_IMPLICIT_RETAIN_SELF = YES;
				CLANG_WARN_OBJC_LITERAL_CONVERSION = YES;
				CLANG_WARN_OBJC_ROOT_CLASS = YES_ERROR;
				CLANG_WARN_QUOTED_INCLUDE_IN_FRAMEWORK_HEADER = YES;
				CLANG_WARN_RANGE_LOOP_ANALYSIS = YES;
				CLANG_WARN_STRICT_PROTOTYPES = YES;
				CLANG_WARN_SUSPICIOUS_MOVE = YES;
				CLANG_WARN_UNGUARDED_AVAILABILITY = YES_AGGRESSIVE;
				CLANG_WARN_UNREACHABLE_CODE = YES;
				CLANG_WARN__DUPLICATE_METHOD_MATCH = YES;
				COPY_PHASE_STRIP = NO;
				DEBUG_INFORMATION_FORMAT = "dwarf-with-dsym";
				ENABLE_NS_ASSERTIONS = NO;
				ENABLE_STRICT_OBJC_MSGSEND = YES;
				ENABLE_USER_SCRIPT_SANDBOXING = YES;
				GCC_C_LANGUAGE_STANDARD = gnu17;
				GCC_NO_COMMON_BLOCKS = YES;
				GCC_WARN_64_TO_32_BIT_CONVERSION = YES;
				GCC_WARN_ABOUT_RETURN_TYPE = YES_ERROR;
				GCC_WARN_UNDECLARED_SELECTOR = YES;
				GCC_WARN_UNINITIALIZED_AUTOS = YES_AGGRESSIVE;
				GCC_WARN_UNUSED_FUNCTION = YES;
				GCC_WARN_UNUSED_VARIABLE = YES;
				IPHONEOS_DEPLOYMENT_TARGET = 17.0;
				LOCALIZATION_PREFERS_STRING_CATALOGS = YES;
				MTL_ENABLE_DEBUG_INFO = NO;
				MTL_FAST_MATH = YES;
				SDKROOT = iphoneos;
				SWIFT_COMPILATION_MODE = wholemodule;
				VALIDATE_PRODUCT = YES;
			};
			name = Release;
		};
		7F85F6172AE3B2FB00740C9E /* Debug */ = {
			isa = XCBuildConfiguration;
			buildSettings = {
				ASSETCATALOG_COMPILER_APPICON_NAME = AppIcon;
				ASSETCATALOG_COMPILER_GLOBAL_ACCENT_COLOR_NAME = AccentColor;
				CODE_SIGN_STYLE = Automatic;
				CURRENT_PROJECT_VERSION = 1;
				DEVELOPMENT_ASSET_PATHS = "\"SnowSeeker/Preview Content\"";
				ENABLE_PREVIEWS = YES;
				GENERATE_INFOPLIST_FILE = YES;
				INFOPLIST_KEY_UIApplicationSceneManifest_Generation = YES;
				INFOPLIST_KEY_UIApplicationSupportsIndirectInputEvents = YES;
				INFOPLIST_KEY_UILaunchScreen_Generation = YES;
				INFOPLIST_KEY_UISupportedInterfaceOrientations_iPad = "UIInterfaceOrientationPortrait UIInterfaceOrientationPortraitUpsideDown UIInterfaceOrientationLandscapeLeft UIInterfaceOrientationLandscapeRight";
				INFOPLIST_KEY_UISupportedInterfaceOrientations_iPhone = "UIInterfaceOrientationPortrait UIInterfaceOrientationLandscapeLeft UIInterfaceOrientationLandscapeRight";
				LD_RUNPATH_SEARCH_PATHS = (
					"$(inherited)",
					"@executable_path/Frameworks",
				);
				MARKETING_VERSION = 1.0;
				PRODUCT_BUNDLE_IDENTIFIER = com.jared.pateman.SnowSeeker;
				PRODUCT_NAME = "$(TARGET_NAME)";
				SWIFT_EMIT_LOC_STRINGS = YES;
				SWIFT_VERSION = 5.0;
				TARGETED_DEVICE_FAMILY = "1,2";
			};
			name = Debug;
		};
		7F85F6182AE3B2FB00740C9E /* Release */ = {
			isa = XCBuildConfiguration;
			buildSettings = {
				ASSETCATALOG_COMPILER_APPICON_NAME = AppIcon;
				ASSETCATALOG_COMPILER_GLOBAL_ACCENT_COLOR_NAME = AccentColor;
				CODE_SIGN_STYLE = Automatic;
				CURRENT_PROJECT_VERSION = 1;
				DEVELOPMENT_ASSET_PATHS = "\"SnowSeeker/Preview Content\"";
				ENABLE_PREVIEWS = YES;
				GENERATE_INFOPLIST_FILE = YES;
				INFOPLIST_KEY_UIApplicationSceneManifest_Generation = YES;
				INFOPLIST_KEY_UIApplicationSupportsIndirectInputEvents = YES;
				INFOPLIST_KEY_UILaunchScreen_Generation = YES;
				INFOPLIST_KEY_UISupportedInterfaceOrientations_iPad = "UIInterfaceOrientationPortrait UIInterfaceOrientationPortraitUpsideDown UIInterfaceOrientationLandscapeLeft UIInterfaceOrientationLandscapeRight";
				INFOPLIST_KEY_UISupportedInterfaceOrientations_iPhone = "UIInterfaceOrientationPortrait UIInterfaceOrientationLandscapeLeft UIInterfaceOrientationLandscapeRight";
				LD_RUNPATH_SEARCH_PATHS = (
					"$(inherited)",
					"@executable_path/Frameworks",
				);
				MARKETING_VERSION = 1.0;
				PRODUCT_BUNDLE_IDENTIFIER = com.jared.pateman.SnowSeeker;
				PRODUCT_NAME = "$(TARGET_NAME)";
				SWIFT_EMIT_LOC_STRINGS = YES;
				SWIFT_VERSION = 5.0;
				TARGETED_DEVICE_FAMILY = "1,2";
			};
			name = Release;
		};
/* End XCBuildConfiguration section */

/* Begin XCConfigurationList section */
		7F85F6032AE3B2FA00740C9E /* Build configuration list for PBXProject "SnowSeeker" */ = {
			isa = XCConfigurationList;
			buildConfigurations = (
				7F85F6142AE3B2FB00740C9E /* Debug */,
				7F85F6152AE3B2FB00740C9E /* Release */,
			);
			defaultConfigurationIsVisible = 0;
			defaultConfigurationName = Release;
		};
		7F85F6162AE3B2FB00740C9E /* Build configuration list for PBXNativeTarget "SnowSeeker" */ = {
			isa = XCConfigurationList;
			buildConfigurations = (
				7F85F6172AE3B2FB00740C9E /* Debug */,
				7F85F6182AE3B2FB00740C9E /* Release */,
			);
			defaultConfigurationIsVisible = 0;
			defaultConfigurationName = Release;
		};
/* End XCConfigurationList section */
	};
	rootObject = 7F85F6002AE3B2FA00740C9E /* Project object */;
}
